// !$*UTF8*$!
{
	archiveVersion = 1;
	classes = {
	};
	objectVersion = 77;
	objects = {

/* Begin PBXContainerItemProxy section */
		7901C4C72E2152AA00DCDFE0 /* PBXContainerItemProxy */ = {
			isa = PBXContainerItemProxy;
			containerPortal = 7901C4AE2E2152A900DCDFE0 /* Project object */;
			proxyType = 1;
			remoteGlobalIDString = 7901C4B52E2152A900DCDFE0;
			remoteInfo = zuper_assignment;
		};
		7901C4D12E2152AA00DCDFE0 /* PBXContainerItemProxy */ = {
			isa = PBXContainerItemProxy;
			containerPortal = 7901C4AE2E2152A900DCDFE0 /* Project object */;
			proxyType = 1;
			remoteGlobalIDString = 7901C4B52E2152A900DCDFE0;
			remoteInfo = zuper_assignment;
		};
/* End PBXContainerItemProxy section */

/* Begin PBXFileReference section */
		7901C4B62E2152A900DCDFE0 /* zuper_assignment.app */ = {isa = PBXFileReference; explicitFileType = wrapper.application; includeInIndex = 0; path = zuper_assignment.app; sourceTree = BUILT_PRODUCTS_DIR; };
		7901C4C62E2152AA00DCDFE0 /* zuper_assignmentTests.xctest */ = {isa = PBXFileReference; explicitFileType = wrapper.cfbundle; includeInIndex = 0; path = zuper_assignmentTests.xctest; sourceTree = BUILT_PRODUCTS_DIR; };
		7901C4D02E2152AA00DCDFE0 /* zuper_assignmentUITests.xctest */ = {isa = PBXFileReference; explicitFileType = wrapper.cfbundle; includeInIndex = 0; path = zuper_assignmentUITests.xctest; sourceTree = BUILT_PRODUCTS_DIR; };
/* End PBXFileReference section */

/* Begin PBXFileSystemSynchronizedRootGroup section */
		7901C4B82E2152A900DCDFE0 /* zuper_assignment */ = {
			isa = PBXFileSystemSynchronizedRootGroup;
			path = zuper_assignment;
			sourceTree = "<group>";
		};
		7901C4C92E2152AA00DCDFE0 /* zuper_assignmentTests */ = {
			isa = PBXFileSystemSynchronizedRootGroup;
			path = zuper_assignmentTests;
			sourceTree = "<group>";
		};
		7901C4D32E2152AA00DCDFE0 /* zuper_assignmentUITests */ = {
			isa = PBXFileSystemSynchronizedRootGroup;
			path = zuper_assignmentUITests;
			sourceTree = "<group>";
		};
/* End PBXFileSystemSynchronizedRootGroup section */

/* Begin PBXFrameworksBuildPhase section */
		7901C4B32E2152A900DCDFE0 /* Frameworks */ = {
			isa = PBXFrameworksBuildPhase;
			buildActionMask = 2147483647;
			files = (
			);
			runOnlyForDeploymentPostprocessing = 0;
		};
		7901C4C32E2152AA00DCDFE0 /* Frameworks */ = {
			isa = PBXFrameworksBuildPhase;
			buildActionMask = 2147483647;
			files = (
			);
			runOnlyForDeploymentPostprocessing = 0;
		};
		7901C4CD2E2152AA00DCDFE0 /* Frameworks */ = {
			isa = PBXFrameworksBuildPhase;
			buildActionMask = 2147483647;
			files = (
			);
			runOnlyForDeploymentPostprocessing = 0;
		};
/* End PBXFrameworksBuildPhase section */

/* Begin PBXGroup section */
		7901C4AD2E2152A900DCDFE0 = {
			isa = PBXGroup;
			children = (
				7901C4B82E2152A900DCDFE0 /* zuper_assignment */,
				7901C4C92E2152AA00DCDFE0 /* zuper_assignmentTests */,
				7901C4D32E2152AA00DCDFE0 /* zuper_assignmentUITests */,
				7901C4B72E2152A900DCDFE0 /* Products */,
			);
			sourceTree = "<group>";
		};
		7901C4B72E2152A900DCDFE0 /* Products */ = {
			isa = PBXGroup;
			children = (
				7901C4B62E2152A900DCDFE0 /* zuper_assignment.app */,
				7901C4C62E2152AA00DCDFE0 /* zuper_assignmentTests.xctest */,
				7901C4D02E2152AA00DCDFE0 /* zuper_assignmentUITests.xctest */,
			);
			name = Products;
			sourceTree = "<group>";
		};
/* End PBXGroup section */

/* Begin PBXNativeTarget section */
		7901C4B52E2152A900DCDFE0 /* zuper_assignment */ = {
			isa = PBXNativeTarget;
			buildConfigurationList = 7901C4DA2E2152AA00DCDFE0 /* Build configuration list for PBXNativeTarget "zuper_assignment" */;
			buildPhases = (
				7901C4B22E2152A900DCDFE0 /* Sources */,
				7901C4B32E2152A900DCDFE0 /* Frameworks */,
				7901C4B42E2152A900DCDFE0 /* Resources */,
			);
			buildRules = (
			);
			dependencies = (
			);
			fileSystemSynchronizedGroups = (
				7901C4B82E2152A900DCDFE0 /* zuper_assignment */,
			);
			name = zuper_assignment;
			packageProductDependencies = (
			);
			productName = zuper_assignment;
			productReference = 7901C4B62E2152A900DCDFE0 /* zuper_assignment.app */;
			productType = "com.apple.product-type.application";
		};
		7901C4C52E2152AA00DCDFE0 /* zuper_assignmentTests */ = {
			isa = PBXNativeTarget;
			buildConfigurationList = 7901C4DD2E2152AA00DCDFE0 /* Build configuration list for PBXNativeTarget "zuper_assignmentTests" */;
			buildPhases = (
				7901C4C22E2152AA00DCDFE0 /* Sources */,
				7901C4C32E2152AA00DCDFE0 /* Frameworks */,
				7901C4C42E2152AA00DCDFE0 /* Resources */,
			);
			buildRules = (
			);
			dependencies = (
				7901C4C82E2152AA00DCDFE0 /* PBXTargetDependency */,
			);
			fileSystemSynchronizedGroups = (
				7901C4C92E2152AA00DCDFE0 /* zuper_assignmentTests */,
			);
			name = zuper_assignmentTests;
			packageProductDependencies = (
			);
			productName = zuper_assignmentTests;
			productReference = 7901C4C62E2152AA00DCDFE0 /* zuper_assignmentTests.xctest */;
			productType = "com.apple.product-type.bundle.unit-test";
		};
		7901C4CF2E2152AA00DCDFE0 /* zuper_assignmentUITests */ = {
			isa = PBXNativeTarget;
			buildConfigurationList = 7901C4E02E2152AA00DCDFE0 /* Build configuration list for PBXNativeTarget "zuper_assignmentUITests" */;
			buildPhases = (
				7901C4CC2E2152AA00DCDFE0 /* Sources */,
				7901C4CD2E2152AA00DCDFE0 /* Frameworks */,
				7901C4CE2E2152AA00DCDFE0 /* Resources */,
			);
			buildRules = (
			);
			dependencies = (
				7901C4D22E2152AA00DCDFE0 /* PBXTargetDependency */,
			);
			fileSystemSynchronizedGroups = (
				7901C4D32E2152AA00DCDFE0 /* zuper_assignmentUITests */,
			);
			name = zuper_assignmentUITests;
			packageProductDependencies = (
			);
			productName = zuper_assignmentUITests;
			productReference = 7901C4D02E2152AA00DCDFE0 /* zuper_assignmentUITests.xctest */;
			productType = "com.apple.product-type.bundle.ui-testing";
		};
/* End PBXNativeTarget section */

/* Begin PBXProject section */
		7901C4AE2E2152A900DCDFE0 /* Project object */ = {
			isa = PBXProject;
			attributes = {
				BuildIndependentTargetsInParallel = 1;
				LastSwiftUpdateCheck = 1610;
				LastUpgradeCheck = 1610;
				TargetAttributes = {
					7901C4B52E2152A900DCDFE0 = {
						CreatedOnToolsVersion = 16.1;
					};
					7901C4C52E2152AA00DCDFE0 = {
						CreatedOnToolsVersion = 16.1;
						TestTargetID = 7901C4B52E2152A900DCDFE0;
					};
					7901C4CF2E2152AA00DCDFE0 = {
						CreatedOnToolsVersion = 16.1;
						TestTargetID = 7901C4B52E2152A900DCDFE0;
					};
				};
			};
			buildConfigurationList = 7901C4B12E2152A900DCDFE0 /* Build configuration list for PBXProject "zuper_assignment" */;
			developmentRegion = en;
			hasScannedForEncodings = 0;
			knownRegions = (
				en,
				Base,
			);
			mainGroup = 7901C4AD2E2152A900DCDFE0;
			minimizedProjectReferenceProxies = 1;
			preferredProjectObjectVersion = 77;
			productRefGroup = 7901C4B72E2152A900DCDFE0 /* Products */;
			projectDirPath = "";
			projectRoot = "";
			targets = (
				7901C4B52E2152A900DCDFE0 /* zuper_assignment */,
				7901C4C52E2152AA00DCDFE0 /* zuper_assignmentTests */,
				7901C4CF2E2152AA00DCDFE0 /* zuper_assignmentUITests */,
			);
		};
/* End PBXProject section */

/* Begin PBXResourcesBuildPhase section */
		7901C4B42E2152A900DCDFE0 /* Resources */ = {
			isa = PBXResourcesBuildPhase;
			buildActionMask = 2147483647;
			files = (
			);
			runOnlyForDeploymentPostprocessing = 0;
		};
		7901C4C42E2152AA00DCDFE0 /* Resources */ = {
			isa = PBXResourcesBuildPhase;
			buildActionMask = 2147483647;
			files = (
			);
			runOnlyForDeploymentPostprocessing = 0;
		};
		7901C4CE2E2152AA00DCDFE0 /* Resources */ = {
			isa = PBXResourcesBuildPhase;
			buildActionMask = 2147483647;
			files = (
			);
			runOnlyForDeploymentPostprocessing = 0;
		};
/* End PBXResourcesBuildPhase section */

/* Begin PBXSourcesBuildPhase section */
		7901C4B22E2152A900DCDFE0 /* Sources */ = {
			isa = PBXSourcesBuildPhase;
			buildActionMask = 2147483647;
			files = (
			);
			runOnlyForDeploymentPostprocessing = 0;
		};
		7901C4C22E2152AA00DCDFE0 /* Sources */ = {
			isa = PBXSourcesBuildPhase;
			buildActionMask = 2147483647;
			files = (
			);
			runOnlyForDeploymentPostprocessing = 0;
		};
		7901C4CC2E2152AA00DCDFE0 /* Sources */ = {
			isa = PBXSourcesBuildPhase;
			buildActionMask = 2147483647;
			files = (
			);
			runOnlyForDeploymentPostprocessing = 0;
		};
/* End PBXSourcesBuildPhase section */

/* Begin PBXTargetDependency section */
		7901C4C82E2152AA00DCDFE0 /* PBXTargetDependency */ = {
			isa = PBXTargetDependency;
			target = 7901C4B52E2152A900DCDFE0 /* zuper_assignment */;
			targetProxy = 7901C4C72E2152AA00DCDFE0 /* PBXContainerItemProxy */;
		};
		7901C4D22E2152AA00DCDFE0 /* PBXTargetDependency */ = {
			isa = PBXTargetDependency;
			target = 7901C4B52E2152A900DCDFE0 /* zuper_assignment */;
			targetProxy = 7901C4D12E2152AA00DCDFE0 /* PBXContainerItemProxy */;
		};
/* End PBXTargetDependency section */

/* Begin XCBuildConfiguration section */
		7901C4D82E2152AA00DCDFE0 /* Debug */ = {
			isa = XCBuildConfiguration;
			buildSettings = {
				ALWAYS_SEARCH_USER_PATHS = NO;
				ASSETCATALOG_COMPILER_GENERATE_SWIFT_ASSET_SYMBOL_EXTENSIONS = YES;
				CLANG_ANALYZER_NONNULL = YES;
				CLANG_ANALYZER_NUMBER_OBJECT_CONVERSION = YES_AGGRESSIVE;
				CLANG_CXX_LANGUAGE_STANDARD = "gnu++20";
				CLANG_ENABLE_MODULES = YES;
				CLANG_ENABLE_OBJC_ARC = YES;
				CLANG_ENABLE_OBJC_WEAK = YES;
				CLANG_WARN_BLOCK_CAPTURE_AUTORELEASING = YES;
				CLANG_WARN_BOOL_CONVERSION = YES;
				CLANG_WARN_COMMA = YES;
				CLANG_WARN_CONSTANT_CONVERSION = YES;
				CLANG_WARN_DEPRECATED_OBJC_IMPLEMENTATIONS = YES;
				CLANG_WARN_DIRECT_OBJC_ISA_USAGE = YES_ERROR;
				CLANG_WARN_DOCUMENTATION_COMMENTS = YES;
				CLANG_WARN_EMPTY_BODY = YES;
				CLANG_WARN_ENUM_CONVERSION = YES;
				CLANG_WARN_INFINITE_RECURSION = YES;
				CLANG_WARN_INT_CONVERSION = YES;
				CLANG_WARN_NON_LITERAL_NULL_CONVERSION = YES;
				CLANG_WARN_OBJC_IMPLICIT_RETAIN_SELF = YES;
				CLANG_WARN_OBJC_LITERAL_CONVERSION = YES;
				CLANG_WARN_OBJC_ROOT_CLASS = YES_ERROR;
				CLANG_WARN_QUOTED_INCLUDE_IN_FRAMEWORK_HEADER = YES;
				CLANG_WARN_RANGE_LOOP_ANALYSIS = YES;
				CLANG_WARN_STRICT_PROTOTYPES = YES;
				CLANG_WARN_SUSPICIOUS_MOVE = YES;
				CLANG_WARN_UNGUARDED_AVAILABILITY = YES_AGGRESSIVE;
				CLANG_WARN_UNREACHABLE_CODE = YES;
				CLANG_WARN__DUPLICATE_METHOD_MATCH = YES;
				COPY_PHASE_STRIP = NO;
				DEBUG_INFORMATION_FORMAT = dwarf;
				ENABLE_STRICT_OBJC_MSGSEND = YES;
				ENABLE_TESTABILITY = YES;
				ENABLE_USER_SCRIPT_SANDBOXING = YES;
				GCC_C_LANGUAGE_STANDARD = gnu17;
				GCC_DYNAMIC_NO_PIC = NO;
				GCC_NO_COMMON_BLOCKS = YES;
				GCC_OPTIMIZATION_LEVEL = 0;
				GCC_PREPROCESSOR_DEFINITIONS = (
					"DEBUG=1",
					"$(inherited)",
				);
				GCC_WARN_64_TO_32_BIT_CONVERSION = YES;
				GCC_WARN_ABOUT_RETURN_TYPE = YES_ERROR;
				GCC_WARN_UNDECLARED_SELECTOR = YES;
				GCC_WARN_UNINITIALIZED_AUTOS = YES_AGGRESSIVE;
				GCC_WARN_UNUSED_FUNCTION = YES;
				GCC_WARN_UNUSED_VARIABLE = YES;
				IPHONEOS_DEPLOYMENT_TARGET = 18.1;
				LOCALIZATION_PREFERS_STRING_CATALOGS = YES;
				MTL_ENABLE_DEBUG_INFO = INCLUDE_SOURCE;
				MTL_FAST_MATH = YES;
				ONLY_ACTIVE_ARCH = YES;
				SDKROOT = iphoneos;
				SWIFT_ACTIVE_COMPILATION_CONDITIONS = "DEBUG $(inherited)";
				SWIFT_OPTIMIZATION_LEVEL = "-Onone";
			};
			name = Debug;
		};
		7901C4D92E2152AA00DCDFE0 /* Release */ = {
			isa = XCBuildConfiguration;
			buildSettings = {
				ALWAYS_SEARCH_USER_PATHS = NO;
				ASSETCATALOG_COMPILER_GENERATE_SWIFT_ASSET_SYMBOL_EXTENSIONS = YES;
				CLANG_ANALYZER_NONNULL = YES;
				CLANG_ANALYZER_NUMBER_OBJECT_CONVERSION = YES_AGGRESSIVE;
				CLANG_CXX_LANGUAGE_STANDARD = "gnu++20";
				CLANG_ENABLE_MODULES = YES;
				CLANG_ENABLE_OBJC_ARC = YES;
				CLANG_ENABLE_OBJC_WEAK = YES;
				CLANG_WARN_BLOCK_CAPTURE_AUTORELEASING = YES;
				CLANG_WARN_BOOL_CONVERSION = YES;
				CLANG_WARN_COMMA = YES;
				CLANG_WARN_CONSTANT_CONVERSION = YES;
				CLANG_WARN_DEPRECATED_OBJC_IMPLEMENTATIONS = YES;
				CLANG_WARN_DIRECT_OBJC_ISA_USAGE = YES_ERROR;
				CLANG_WARN_DOCUMENTATION_COMMENTS = YES;
				CLANG_WARN_EMPTY_BODY = YES;
				CLANG_WARN_ENUM_CONVERSION = YES;
				CLANG_WARN_INFINITE_RECURSION = YES;
				CLANG_WARN_INT_CONVERSION = YES;
				CLANG_WARN_NON_LITERAL_NULL_CONVERSION = YES;
				CLANG_WARN_OBJC_IMPLICIT_RETAIN_SELF = YES;
				CLANG_WARN_OBJC_LITERAL_CONVERSION = YES;
				CLANG_WARN_OBJC_ROOT_CLASS = YES_ERROR;
				CLANG_WARN_QUOTED_INCLUDE_IN_FRAMEWORK_HEADER = YES;
				CLANG_WARN_RANGE_LOOP_ANALYSIS = YES;
				CLANG_WARN_STRICT_PROTOTYPES = YES;
				CLANG_WARN_SUSPICIOUS_MOVE = YES;
				CLANG_WARN_UNGUARDED_AVAILABILITY = YES_AGGRESSIVE;
				CLANG_WARN_UNREACHABLE_CODE = YES;
				CLANG_WARN__DUPLICATE_METHOD_MATCH = YES;
				COPY_PHASE_STRIP = NO;
				DEBUG_INFORMATION_FORMAT = "dwarf-with-dsym";
				ENABLE_NS_ASSERTIONS = NO;
				ENABLE_STRICT_OBJC_MSGSEND = YES;
				ENABLE_USER_SCRIPT_SANDBOXING = YES;
				GCC_C_LANGUAGE_STANDARD = gnu17;
				GCC_NO_COMMON_BLOCKS = YES;
				GCC_WARN_64_TO_32_BIT_CONVERSION = YES;
				GCC_WARN_ABOUT_RETURN_TYPE = YES_ERROR;
				GCC_WARN_UNDECLARED_SELECTOR = YES;
				GCC_WARN_UNINITIALIZED_AUTOS = YES_AGGRESSIVE;
				GCC_WARN_UNUSED_FUNCTION = YES;
				GCC_WARN_UNUSED_VARIABLE = YES;
				IPHONEOS_DEPLOYMENT_TARGET = 18.1;
				LOCALIZATION_PREFERS_STRING_CATALOGS = YES;
				MTL_ENABLE_DEBUG_INFO = NO;
				MTL_FAST_MATH = YES;
				SDKROOT = iphoneos;
				SWIFT_COMPILATION_MODE = wholemodule;
				VALIDATE_PRODUCT = YES;
			};
			name = Release;
		};
		7901C4DB2E2152AA00DCDFE0 /* Debug */ = {
			isa = XCBuildConfiguration;
			buildSettings = {
				ASSETCATALOG_COMPILER_APPICON_NAME = AppIcon;
				ASSETCATALOG_COMPILER_GLOBAL_ACCENT_COLOR_NAME = AccentColor;
				CODE_SIGN_STYLE = Automatic;
				CURRENT_PROJECT_VERSION = 1;
				DEVELOPMENT_ASSET_PATHS = "\"zuper_assignment/Preview Content\"";
				ENABLE_PREVIEWS = YES;
				GENERATE_INFOPLIST_FILE = YES;
				INFOPLIST_KEY_UIApplicationSceneManifest_Generation = YES;
				INFOPLIST_KEY_UIApplicationSupportsIndirectInputEvents = YES;
				INFOPLIST_KEY_UILaunchScreen_Generation = YES;
				INFOPLIST_KEY_UISupportedInterfaceOrientations_iPad = "UIInterfaceOrientationPortrait UIInterfaceOrientationPortraitUpsideDown UIInterfaceOrientationLandscapeLeft UIInterfaceOrientationLandscapeRight";
				INFOPLIST_KEY_UISupportedInterfaceOrientations_iPhone = "UIInterfaceOrientationPortrait UIInterfaceOrientationLandscapeLeft UIInterfaceOrientationLandscapeRight";
				LD_RUNPATH_SEARCH_PATHS = (
					"$(inherited)",
					"@executable_path/Frameworks",
				);
				MARKETING_VERSION = 1.0;
				PRODUCT_BUNDLE_IDENTIFIER = "-.zuper-assignment";
				PRODUCT_NAME = "$(TARGET_NAME)";
				SWIFT_EMIT_LOC_STRINGS = YES;
				SWIFT_VERSION = 5.0;
				TARGETED_DEVICE_FAMILY = "1,2";
			};
			name = Debug;
		};
		7901C4DC2E2152AA00DCDFE0 /* Release */ = {
			isa = XCBuildConfiguration;
			buildSettings = {
				ASSETCATALOG_COMPILER_APPICON_NAME = AppIcon;
				ASSETCATALOG_COMPILER_GLOBAL_ACCENT_COLOR_NAME = AccentColor;
				CODE_SIGN_STYLE = Automatic;
				CURRENT_PROJECT_VERSION = 1;
				DEVELOPMENT_ASSET_PATHS = "\"zuper_assignment/Preview Content\"";
				ENABLE_PREVIEWS = YES;
				GENERATE_INFOPLIST_FILE = YES;
				INFOPLIST_KEY_UIApplicationSceneManifest_Generation = YES;
				INFOPLIST_KEY_UIApplicationSupportsIndirectInputEvents = YES;
				INFOPLIST_KEY_UILaunchScreen_Generation = YES;
				INFOPLIST_KEY_UISupportedInterfaceOrientations_iPad = "UIInterfaceOrientationPortrait UIInterfaceOrientationPortraitUpsideDown UIInterfaceOrientationLandscapeLeft UIInterfaceOrientationLandscapeRight";
				INFOPLIST_KEY_UISupportedInterfaceOrientations_iPhone = "UIInterfaceOrientationPortrait UIInterfaceOrientationLandscapeLeft UIInterfaceOrientationLandscapeRight";
				LD_RUNPATH_SEARCH_PATHS = (
					"$(inherited)",
					"@executable_path/Frameworks",
				);
				MARKETING_VERSION = 1.0;
				PRODUCT_BUNDLE_IDENTIFIER = "-.zuper-assignment";
				PRODUCT_NAME = "$(TARGET_NAME)";
				SWIFT_EMIT_LOC_STRINGS = YES;
				SWIFT_VERSION = 5.0;
				TARGETED_DEVICE_FAMILY = "1,2";
			};
			name = Release;
		};
		7901C4DE2E2152AA00DCDFE0 /* Debug */ = {
			isa = XCBuildConfiguration;
			buildSettings = {
				BUNDLE_LOADER = "$(TEST_HOST)";
				CODE_SIGN_STYLE = Automatic;
				CURRENT_PROJECT_VERSION = 1;
				GENERATE_INFOPLIST_FILE = YES;
				IPHONEOS_DEPLOYMENT_TARGET = 18.1;
				MARKETING_VERSION = 1.0;
				PRODUCT_BUNDLE_IDENTIFIER = "-.zuper-assignmentTests";
				PRODUCT_NAME = "$(TARGET_NAME)";
				SWIFT_EMIT_LOC_STRINGS = NO;
				SWIFT_VERSION = 5.0;
				TARGETED_DEVICE_FAMILY = "1,2";
				TEST_HOST = "$(BUILT_PRODUCTS_DIR)/zuper_assignment.app/$(BUNDLE_EXECUTABLE_FOLDER_PATH)/zuper_assignment";
			};
			name = Debug;
		};
		7901C4DF2E2152AA00DCDFE0 /* Release */ = {
			isa = XCBuildConfiguration;
			buildSettings = {
				BUNDLE_LOADER = "$(TEST_HOST)";
				CODE_SIGN_STYLE = Automatic;
				CURRENT_PROJECT_VERSION = 1;
				GENERATE_INFOPLIST_FILE = YES;
				IPHONEOS_DEPLOYMENT_TARGET = 18.1;
				MARKETING_VERSION = 1.0;
				PRODUCT_BUNDLE_IDENTIFIER = "-.zuper-assignmentTests";
				PRODUCT_NAME = "$(TARGET_NAME)";
				SWIFT_EMIT_LOC_STRINGS = NO;
				SWIFT_VERSION = 5.0;
				TARGETED_DEVICE_FAMILY = "1,2";
				TEST_HOST = "$(BUILT_PRODUCTS_DIR)/zuper_assignment.app/$(BUNDLE_EXECUTABLE_FOLDER_PATH)/zuper_assignment";
			};
			name = Release;
		};
		7901C4E12E2152AA00DCDFE0 /* Debug */ = {
			isa = XCBuildConfiguration;
			buildSettings = {
				CODE_SIGN_STYLE = Automatic;
				CURRENT_PROJECT_VERSION = 1;
				GENERATE_INFOPLIST_FILE = YES;
				MARKETING_VERSION = 1.0;
				PRODUCT_BUNDLE_IDENTIFIER = "-.zuper-assignmentUITests";
				PRODUCT_NAME = "$(TARGET_NAME)";
				SWIFT_EMIT_LOC_STRINGS = NO;
				SWIFT_VERSION = 5.0;
				TARGETED_DEVICE_FAMILY = "1,2";
				TEST_TARGET_NAME = zuper_assignment;
			};
			name = Debug;
		};
		7901C4E22E2152AA00DCDFE0 /* Release */ = {
			isa = XCBuildConfiguration;
			buildSettings = {
				CODE_SIGN_STYLE = Automatic;
				CURRENT_PROJECT_VERSION = 1;
				GENERATE_INFOPLIST_FILE = YES;
				MARKETING_VERSION = 1.0;
				PRODUCT_BUNDLE_IDENTIFIER = "-.zuper-assignmentUITests";
				PRODUCT_NAME = "$(TARGET_NAME)";
				SWIFT_EMIT_LOC_STRINGS = NO;
				SWIFT_VERSION = 5.0;
				TARGETED_DEVICE_FAMILY = "1,2";
				TEST_TARGET_NAME = zuper_assignment;
			};
			name = Release;
		};
/* End XCBuildConfiguration section */

/* Begin XCConfigurationList section */
		7901C4B12E2152A900DCDFE0 /* Build configuration list for PBXProject "zuper_assignment" */ = {
			isa = XCConfigurationList;
			buildConfigurations = (
				7901C4D82E2152AA00DCDFE0 /* Debug */,
				7901C4D92E2152AA00DCDFE0 /* Release */,
			);
			defaultConfigurationIsVisible = 0;
			defaultConfigurationName = Release;
		};
		7901C4DA2E2152AA00DCDFE0 /* Build configuration list for PBXNativeTarget "zuper_assignment" */ = {
			isa = XCConfigurationList;
			buildConfigurations = (
				7901C4DB2E2152AA00DCDFE0 /* Debug */,
				7901C4DC2E2152AA00DCDFE0 /* Release */,
			);
			defaultConfigurationIsVisible = 0;
			defaultConfigurationName = Release;
		};
		7901C4DD2E2152AA00DCDFE0 /* Build configuration list for PBXNativeTarget "zuper_assignmentTests" */ = {
			isa = XCConfigurationList;
			buildConfigurations = (
				7901C4DE2E2152AA00DCDFE0 /* Debug */,
				7901C4DF2E2152AA00DCDFE0 /* Release */,
			);
			defaultConfigurationIsVisible = 0;
			defaultConfigurationName = Release;
		};
		7901C4E02E2152AA00DCDFE0 /* Build configuration list for PBXNativeTarget "zuper_assignmentUITests" */ = {
			isa = XCConfigurationList;
			buildConfigurations = (
				7901C4E12E2152AA00DCDFE0 /* Debug */,
				7901C4E22E2152AA00DCDFE0 /* Release */,
			);
			defaultConfigurationIsVisible = 0;
			defaultConfigurationName = Release;
		};
/* End XCConfigurationList section */
	};
	rootObject = 7901C4AE2E2152A900DCDFE0 /* Project object */;
}
